{
  "name": "azdevopsblazorextension",
  "version": "1.0.0",
  "lockfileVersion": 2,
  "requires": true,
  "packages": {
    "": {
      "name": "azdevopsblazorextension",
      "version": "1.0.0",
      "license": "ISC",
      "dependencies": {
        "azure-devops-extension-sdk": "^3.1.2"
      }
    },
    "node_modules/azure-devops-extension-sdk": {
      "version": "3.1.2",
      "resolved": "https://repo.huaweicloud.com/repository/npm/azure-devops-extension-sdk/-/azure-devops-extension-sdk-3.1.2.tgz",
      "integrity": "sha512-uRslDxoLiX9SsFmq8ZDARpOf4UAlVkucBSP4FVhG5gFwl1gERhSQ3XQ+z1dNLPAbBS8Cck5GZXn6GrQXjoT08A==",
      "license": "MIT",
      "dependencies": {
        "es6-object-assign": "^1.1.0",
        "es6-promise": "^4.2.5"
      }
    },
    "node_modules/es6-object-assign": {
      "version": "1.1.0",
      "resolved": "https://repo.huaweicloud.com/repository/npm/es6-object-assign/-/es6-object-assign-1.1.0.tgz",
      "integrity": "sha512-MEl9uirslVwqQU369iHNWZXsI8yaZYGg/D65aOgZkeyFJwHYSxilf7rQzXKI7DdDuBPrBXbfk3sl9hJhmd5AUw==",
      "license": "MIT"
    },
    "node_modules/es6-promise": {
      "version": "4.2.8",
      "resolved": "https://repo.huaweicloud.com/repository/npm/es6-promise/-/es6-promise-4.2.8.tgz",
      "integrity": "sha512-HJDGx5daxeIvxdBxvG2cb9g4tEvwIk3i8+nhX0yGrYmZUzbkdg8QbDevheDB8gd0//uPj4c1EQua8Q+MViT0/w==",
      "license": "MIT"
    }
  },
  "dependencies": {
    "azure-devops-extension-sdk": {
      "version": "3.1.2",
      "resolved": "https://repo.huaweicloud.com/repository/npm/azure-devops-extension-sdk/-/azure-devops-extension-sdk-3.1.2.tgz",
      "integrity": "sha512-uRslDxoLiX9SsFmq8ZDARpOf4UAlVkucBSP4FVhG5gFwl1gERhSQ3XQ+z1dNLPAbBS8Cck5GZXn6GrQXjoT08A==",
      "requires": {
        "es6-object-assign": "^1.1.0",
        "es6-promise": "^4.2.5"
      }
    },
    "es6-object-assign": {
      "version": "1.1.0",
      "resolved": "https://repo.huaweicloud.com/repository/npm/es6-object-assign/-/es6-object-assign-1.1.0.tgz",
      "integrity": "sha512-MEl9uirslVwqQU369iHNWZXsI8yaZYGg/D65aOgZkeyFJwHYSxilf7rQzXKI7DdDuBPrBXbfk3sl9hJhmd5AUw=="
    },
    "es6-promise": {
      "version": "4.2.8",
      "resolved": "https://repo.huaweicloud.com/repository/npm/es6-promise/-/es6-promise-4.2.8.tgz",
      "integrity": "sha512-HJDGx5daxeIvxdBxvG2cb9g4tEvwIk3i8+nhX0yGrYmZUzbkdg8QbDevheDB8gd0//uPj4c1EQua8Q+MViT0/w=="
    }
  }
}
